
Microsoft Visual Studio Solution File, Format Version 12.00
# Visual Studio Version 17
VisualStudioVersion = 17.5.002.0
MinimumVisualStudioVersion = 10.0.40219.1
Project("{9A19103F-16F7-4668-BE54-9A1E7A4F7556}") = "BackendNet", "BackendNet\BackendNet.csproj", "{07F24C6C-4416-4A4E-962B-6CB20F01E209}"
EndProject
Global
	GlobalSection(SolutionConfigurationPlatforms) = preSolution
		Debug|Any CPU = Debug|Any CPU
		Release|Any CPU = Release|Any CPU
	EndGlobalSection
	GlobalSection(ProjectConfigurationPlatforms) = postSolution
		{07F24C6C-4416-4A4E-962B-6CB20F01E209}.Debug|Any CPU.ActiveCfg = Debug|Any CPU
		{07F24C6C-4416-4A4E-962B-6CB20F01E209}.Debug|Any CPU.Build.0 = Debug|Any CPU
		{07F24C6C-4416-4A4E-962B-6CB20F01E209}.Release|Any CPU.ActiveCfg = Release|Any CPU
		{07F24C6C-4416-4A4E-962B-6CB20F01E209}.Release|Any CPU.Build.0 = Release|Any CPU
	EndGlobalSection
	GlobalSection(SolutionProperties) = preSolution
		HideSolutionNode = FALSE
	EndGlobalSection
	GlobalSection(ExtensibilityGlobals) = postSolution
		SolutionGuid = {4758EBEB-D9A3-462C-A4DA-D61A5113C5D0}
	EndGlobalSection
EndGlobal
